
Microsoft Visual Studio Solution File, Format Version 12.00
# Visual Studio Version 17
VisualStudioVersion = 17.9.34616.47
MinimumVisualStudioVersion = 10.0.40219.1
Project("{8BC9CEB8-8B4A-11D0-8D11-00A0C91BC942}") = "MFCApplicationPictureControl", "MFCApplicationPictureControl.vcxproj", "{6427C270-05BD-47F7-9B38-97BD4D8FD91D}"
EndProject
Global
	GlobalSection(SolutionConfigurationPlatforms) = preSolution
		Debug|x64 = Debug|x64
		Debug|x86 = Debug|x86
		Release|x64 = Release|x64
		Release|x86 = Release|x86
	EndGlobalSection
	GlobalSection(ProjectConfigurationPlatforms) = postSolution
		{6427C270-05BD-47F7-9B38-97BD4D8FD91D}.Debug|x64.ActiveCfg = Debug|x64
		{6427C270-05BD-47F7-9B38-97BD4D8FD91D}.Debug|x64.Build.0 = Debug|x64
		{6427C270-05BD-47F7-9B38-97BD4D8FD91D}.Debug|x86.ActiveCfg = Debug|Win32
		{6427C270-05BD-47F7-9B38-97BD4D8FD91D}.Debug|x86.Build.0 = Debug|Win32
		{6427C270-05BD-47F7-9B38-97BD4D8FD91D}.Release|x64.ActiveCfg = Release|x64
		{6427C270-05BD-47F7-9B38-97BD4D8FD91D}.Release|x64.Build.0 = Release|x64
		{6427C270-05BD-47F7-9B38-97BD4D8FD91D}.Release|x86.ActiveCfg = Release|Win32
		{6427C270-05BD-47F7-9B38-97BD4D8FD91D}.Release|x86.Build.0 = Release|Win32
	EndGlobalSection
	GlobalSection(SolutionProperties) = preSolution
		HideSolutionNode = FALSE
	EndGlobalSection
	GlobalSection(ExtensibilityGlobals) = postSolution
		SolutionGuid = {FD602861-0F55-4F16-84C9-1BE4DA0517C9}
	EndGlobalSection
EndGlobal
